{
  "requires": true,
  "lockfileVersion": 1,
  "dependencies": {
    "cpf": {
      "version": "2.0.1",
      "resolved": "https://registry.npmjs.org/cpf/-/cpf-2.0.1.tgz",
      "integrity": "sha512-YpRbrpjQCDkZgMUOLxLfme8wE8X56fHXOGMGDsYA48f7UrjaCHU0TP8d+CKmxvNVjBDVtHiCUiBw8vfstdslbw=="
    }
  }
}
